{
    "_readme": [
        "This file locks the dependencies of your project to a known state",
        "Read more about it at https://getcomposer.org/doc/01-basic-usage.md#installing-dependencies",
        "This file is @generated automatically"
    ],
    "content-hash": "fd6aafe3841cefc948fbb81f3a044114",
    "packages": [
        {
            "name": "pchevrel/bzkarma",
            "version": "dev-main",
            "source": {
                "type": "git",
                "url": "https://github.com/pascalchevrel/bzkarma/",
                "reference": "cc2c3500a02e4115efc3f750b92448cd858efa7d"
            },
            "dist": {
                "type": "zip",
                "url": "https://api.github.com/repos/pascalchevrel/bzkarma/zipball/cc2c3500a02e4115efc3f750b92448cd858efa7d",
                "reference": "cc2c3500a02e4115efc3f750b92448cd858efa7d",
                "shasum": ""
            },
            "require": {
                "php": ">=8.1"
            },
            "default-branch": true,
            "type": "library",
            "autoload": {
                "psr-4": {
                    "BzKarma\\": "src/pchevrel/BzKarma"
                }
            },
            "license": [
                "MIT"
            ],
            "authors": [
                {
                    "name": "Pascal Chevrel",
                    "role": "Developer"
                }
            ],
            "description": "Uplift scoring library for bugzilla.mozilla.org",
            "keywords": [
                "bugzilla",
                "firefox"
            ],
            "time": "2023-03-15T17:20:24+00:00"
        }
    ],
    "packages-dev": [],
    "aliases": [],
    "minimum-stability": "stable",
    "stability-flags": {
        "pchevrel/bzkarma": 20
    },
    "prefer-stable": false,
    "prefer-lowest": false,
    "platform": [],
    "platform-dev": [],
    "plugin-api-version": "2.3.0"
}
